// !$*UTF8*$!
{
	archiveVersion = 1;
	classes = {
	};
	objectVersion = 50;
	objects = {

/* Begin PBXBuildFile section */
		61A1D729C71EA1F1BC8036CB /* libPods-CohesionTestTests.a in Frameworks */ = {isa = PBXBuildFile; fileRef = D0B20D85FFB653A339101EA4 /* libPods-CohesionTestTests.a */; };
		9937C70B2611A86B001F9AC3 /* geofence.gpx in Resources */ = {isa = PBXBuildFile; fileRef = 9937C70A2611A86B001F9AC3 /* geofence.gpx */; };
		99506CF9260DE8E400AA2EE0 /* AppDelegate.swift in Sources */ = {isa = PBXBuildFile; fileRef = 99506CF8260DE8E400AA2EE0 /* AppDelegate.swift */; };
		99506CFB260DE8E400AA2EE0 /* SceneDelegate.swift in Sources */ = {isa = PBXBuildFile; fileRef = 99506CFA260DE8E400AA2EE0 /* SceneDelegate.swift */; };
		99506D00260DE8E400AA2EE0 /* Main.storyboard in Resources */ = {isa = PBXBuildFile; fileRef = 99506CFE260DE8E400AA2EE0 /* Main.storyboard */; };
		99506D03260DE8E400AA2EE0 /* CohesionTest.xcdatamodeld in Sources */ = {isa = PBXBuildFile; fileRef = 99506D01260DE8E400AA2EE0 /* CohesionTest.xcdatamodeld */; };
		99506D05260DE8E600AA2EE0 /* Assets.xcassets in Resources */ = {isa = PBXBuildFile; fileRef = 99506D04260DE8E600AA2EE0 /* Assets.xcassets */; };
		99506D08260DE8E600AA2EE0 /* LaunchScreen.storyboard in Resources */ = {isa = PBXBuildFile; fileRef = 99506D06260DE8E600AA2EE0 /* LaunchScreen.storyboard */; };
		99506D13260DE8E600AA2EE0 /* CohesionTestTests.swift in Sources */ = {isa = PBXBuildFile; fileRef = 99506D12260DE8E600AA2EE0 /* CohesionTestTests.swift */; };
		99506D1E260E0FB800AA2EE0 /* GeoFenceViewController.swift in Sources */ = {isa = PBXBuildFile; fileRef = 99506D1D260E0FB800AA2EE0 /* GeoFenceViewController.swift */; };
		99F01778260F4E4300E576E9 /* Geofence.swift in Sources */ = {isa = PBXBuildFile; fileRef = 99F01777260F4E4300E576E9 /* Geofence.swift */; };
		99F0177A260F788C00E576E9 /* GoogleService-Info.plist in Resources */ = {isa = PBXBuildFile; fileRef = 99F01779260F788C00E576E9 /* GoogleService-Info.plist */; };
		99FBD3602611FAE100F6AE9B /* Utilities.swift in Sources */ = {isa = PBXBuildFile; fileRef = 99FBD35F2611FAE100F6AE9B /* Utilities.swift */; };
		99FBD3632612197C00F6AE9B /* Readme.md in Resources */ = {isa = PBXBuildFile; fileRef = 99FBD3622612197C00F6AE9B /* Readme.md */; };
		99FBD36926121F8500F6AE9B /* LocationManager.swift in Sources */ = {isa = PBXBuildFile; fileRef = 99FBD36826121F8500F6AE9B /* LocationManager.swift */; };
		ED7A8C06910B8291163B157B /* libPods-CohesionTest.a in Frameworks */ = {isa = PBXBuildFile; fileRef = 802C9C97AE9B26698E30A9E6 /* libPods-CohesionTest.a */; };
/* End PBXBuildFile section */

/* Begin PBXContainerItemProxy section */
		99506D0F260DE8E600AA2EE0 /* PBXContainerItemProxy */ = {
			isa = PBXContainerItemProxy;
			containerPortal = 99506CED260DE8E400AA2EE0 /* Project object */;
			proxyType = 1;
			remoteGlobalIDString = 99506CF4260DE8E400AA2EE0;
			remoteInfo = CohesionTest;
		};
/* End PBXContainerItemProxy section */

/* Begin PBXFileReference section */
		802C9C97AE9B26698E30A9E6 /* libPods-CohesionTest.a */ = {isa = PBXFileReference; explicitFileType = archive.ar; includeInIndex = 0; path = "libPods-CohesionTest.a"; sourceTree = BUILT_PRODUCTS_DIR; };
		8A5694D6D975EE1EF237F4C8 /* Pods-CohesionTest.release.xcconfig */ = {isa = PBXFileReference; includeInIndex = 1; lastKnownFileType = text.xcconfig; name = "Pods-CohesionTest.release.xcconfig"; path = "Target Support Files/Pods-CohesionTest/Pods-CohesionTest.release.xcconfig"; sourceTree = "<group>"; };
		9937C70A2611A86B001F9AC3 /* geofence.gpx */ = {isa = PBXFileReference; fileEncoding = 4; lastKnownFileType = text.xml; path = geofence.gpx; sourceTree = "<group>"; };
		99506CF5260DE8E400AA2EE0 /* CohesionTest.app */ = {isa = PBXFileReference; explicitFileType = wrapper.application; includeInIndex = 0; path = CohesionTest.app; sourceTree = BUILT_PRODUCTS_DIR; };
		99506CF8260DE8E400AA2EE0 /* AppDelegate.swift */ = {isa = PBXFileReference; lastKnownFileType = sourcecode.swift; path = AppDelegate.swift; sourceTree = "<group>"; };
		99506CFA260DE8E400AA2EE0 /* SceneDelegate.swift */ = {isa = PBXFileReference; lastKnownFileType = sourcecode.swift; path = SceneDelegate.swift; sourceTree = "<group>"; };
		99506CFF260DE8E400AA2EE0 /* Base */ = {isa = PBXFileReference; lastKnownFileType = file.storyboard; name = Base; path = Base.lproj/Main.storyboard; sourceTree = "<group>"; };
		99506D02260DE8E400AA2EE0 /* CohesionTest.xcdatamodel */ = {isa = PBXFileReference; lastKnownFileType = wrapper.xcdatamodel; path = CohesionTest.xcdatamodel; sourceTree = "<group>"; };
		99506D04260DE8E600AA2EE0 /* Assets.xcassets */ = {isa = PBXFileReference; lastKnownFileType = folder.assetcatalog; path = Assets.xcassets; sourceTree = "<group>"; };
		99506D07260DE8E600AA2EE0 /* Base */ = {isa = PBXFileReference; lastKnownFileType = file.storyboard; name = Base; path = Base.lproj/LaunchScreen.storyboard; sourceTree = "<group>"; };
		99506D09260DE8E600AA2EE0 /* Info.plist */ = {isa = PBXFileReference; lastKnownFileType = text.plist.xml; path = Info.plist; sourceTree = "<group>"; };
		99506D0E260DE8E600AA2EE0 /* CohesionTestTests.xctest */ = {isa = PBXFileReference; explicitFileType = wrapper.cfbundle; includeInIndex = 0; path = CohesionTestTests.xctest; sourceTree = BUILT_PRODUCTS_DIR; };
		99506D12260DE8E600AA2EE0 /* CohesionTestTests.swift */ = {isa = PBXFileReference; lastKnownFileType = sourcecode.swift; path = CohesionTestTests.swift; sourceTree = "<group>"; };
		99506D14260DE8E600AA2EE0 /* Info.plist */ = {isa = PBXFileReference; lastKnownFileType = text.plist.xml; path = Info.plist; sourceTree = "<group>"; };
		99506D1D260E0FB800AA2EE0 /* GeoFenceViewController.swift */ = {isa = PBXFileReference; lastKnownFileType = sourcecode.swift; path = GeoFenceViewController.swift; sourceTree = "<group>"; };
		99F01777260F4E4300E576E9 /* Geofence.swift */ = {isa = PBXFileReference; lastKnownFileType = sourcecode.swift; path = Geofence.swift; sourceTree = "<group>"; };
		99F01779260F788C00E576E9 /* GoogleService-Info.plist */ = {isa = PBXFileReference; fileEncoding = 4; lastKnownFileType = text.plist.xml; path = "GoogleService-Info.plist"; sourceTree = "<group>"; };
		99FBD35F2611FAE100F6AE9B /* Utilities.swift */ = {isa = PBXFileReference; lastKnownFileType = sourcecode.swift; path = Utilities.swift; sourceTree = "<group>"; };
		99FBD3622612197C00F6AE9B /* Readme.md */ = {isa = PBXFileReference; lastKnownFileType = net.daringfireball.markdown; path = Readme.md; sourceTree = "<group>"; };
		99FBD36826121F8500F6AE9B /* LocationManager.swift */ = {isa = PBXFileReference; fileEncoding = 4; lastKnownFileType = sourcecode.swift; path = LocationManager.swift; sourceTree = "<group>"; };
		A14D6CBE4541689CDC1F0120 /* Pods-CohesionTest.debug.xcconfig */ = {isa = PBXFileReference; includeInIndex = 1; lastKnownFileType = text.xcconfig; name = "Pods-CohesionTest.debug.xcconfig"; path = "Target Support Files/Pods-CohesionTest/Pods-CohesionTest.debug.xcconfig"; sourceTree = "<group>"; };
		C607CF8C3049C865302EC33C /* Pods-CohesionTestTests.release.xcconfig */ = {isa = PBXFileReference; includeInIndex = 1; lastKnownFileType = text.xcconfig; name = "Pods-CohesionTestTests.release.xcconfig"; path = "Target Support Files/Pods-CohesionTestTests/Pods-CohesionTestTests.release.xcconfig"; sourceTree = "<group>"; };
		D0B20D85FFB653A339101EA4 /* libPods-CohesionTestTests.a */ = {isa = PBXFileReference; explicitFileType = archive.ar; includeInIndex = 0; path = "libPods-CohesionTestTests.a"; sourceTree = BUILT_PRODUCTS_DIR; };
		DC2583DC00972F5439F08F9D /* Pods-CohesionTestTests.debug.xcconfig */ = {isa = PBXFileReference; includeInIndex = 1; lastKnownFileType = text.xcconfig; name = "Pods-CohesionTestTests.debug.xcconfig"; path = "Target Support Files/Pods-CohesionTestTests/Pods-CohesionTestTests.debug.xcconfig"; sourceTree = "<group>"; };
/* End PBXFileReference section */

/* Begin PBXFrameworksBuildPhase section */
		99506CF2260DE8E400AA2EE0 /* Frameworks */ = {
			isa = PBXFrameworksBuildPhase;
			buildActionMask = 2147483647;
			files = (
				ED7A8C06910B8291163B157B /* libPods-CohesionTest.a in Frameworks */,
			);
			runOnlyForDeploymentPostprocessing = 0;
		};
		99506D0B260DE8E600AA2EE0 /* Frameworks */ = {
			isa = PBXFrameworksBuildPhase;
			buildActionMask = 2147483647;
			files = (
				61A1D729C71EA1F1BC8036CB /* libPods-CohesionTestTests.a in Frameworks */,
			);
			runOnlyForDeploymentPostprocessing = 0;
		};
/* End PBXFrameworksBuildPhase section */

/* Begin PBXGroup section */
		284560ED5644ACFE8FF763B1 /* Frameworks */ = {
			isa = PBXGroup;
			children = (
				802C9C97AE9B26698E30A9E6 /* libPods-CohesionTest.a */,
				D0B20D85FFB653A339101EA4 /* libPods-CohesionTestTests.a */,
			);
			name = Frameworks;
			sourceTree = "<group>";
		};
		99506CEC260DE8E400AA2EE0 = {
			isa = PBXGroup;
			children = (
				99506CF7260DE8E400AA2EE0 /* CohesionTest */,
				99506D11260DE8E600AA2EE0 /* CohesionTestTests */,
				99506CF6260DE8E400AA2EE0 /* Products */,
				F7AEDCE32911B217F2084454 /* Pods */,
				284560ED5644ACFE8FF763B1 /* Frameworks */,
			);
			sourceTree = "<group>";
		};
		99506CF6260DE8E400AA2EE0 /* Products */ = {
			isa = PBXGroup;
			children = (
				99506CF5260DE8E400AA2EE0 /* CohesionTest.app */,
				99506D0E260DE8E600AA2EE0 /* CohesionTestTests.xctest */,
			);
			name = Products;
			sourceTree = "<group>";
		};
		99506CF7260DE8E400AA2EE0 /* CohesionTest */ = {
			isa = PBXGroup;
			children = (
				99506CF8260DE8E400AA2EE0 /* AppDelegate.swift */,
				99506CFA260DE8E400AA2EE0 /* SceneDelegate.swift */,
				99506D1D260E0FB800AA2EE0 /* GeoFenceViewController.swift */,
				99506CFE260DE8E400AA2EE0 /* Main.storyboard */,
				99FBD3622612197C00F6AE9B /* Readme.md */,
				99506D09260DE8E600AA2EE0 /* Info.plist */,
				99FBD36726121F4300F6AE9B /* Geofence */,
				99FBD36426121EE600F6AE9B /* LocationManager */,
				99FBD36526121F1200F6AE9B /* Utilities */,
				99FBD36A2612202800F6AE9B /* Supporting Files */,
			);
			path = CohesionTest;
			sourceTree = "<group>";
		};
		99506D11260DE8E600AA2EE0 /* CohesionTestTests */ = {
			isa = PBXGroup;
			children = (
				99506D12260DE8E600AA2EE0 /* CohesionTestTests.swift */,
				99506D14260DE8E600AA2EE0 /* Info.plist */,
			);
			path = CohesionTestTests;
			sourceTree = "<group>";
		};
		99FBD36426121EE600F6AE9B /* LocationManager */ = {
			isa = PBXGroup;
			children = (
				99FBD36826121F8500F6AE9B /* LocationManager.swift */,
			);
			path = LocationManager;
			sourceTree = "<group>";
		};
		99FBD36526121F1200F6AE9B /* Utilities */ = {
			isa = PBXGroup;
			children = (
				99FBD35F2611FAE100F6AE9B /* Utilities.swift */,
			);
			path = Utilities;
			sourceTree = "<group>";
		};
		99FBD36726121F4300F6AE9B /* Geofence */ = {
			isa = PBXGroup;
			children = (
				9937C70A2611A86B001F9AC3 /* geofence.gpx */,
				99F01777260F4E4300E576E9 /* Geofence.swift */,
			);
			path = Geofence;
			sourceTree = "<group>";
		};
		99FBD36A2612202800F6AE9B /* Supporting Files */ = {
			isa = PBXGroup;
			children = (
				99506D04260DE8E600AA2EE0 /* Assets.xcassets */,
				99F01779260F788C00E576E9 /* GoogleService-Info.plist */,
				99506D01260DE8E400AA2EE0 /* CohesionTest.xcdatamodeld */,
				99506D06260DE8E600AA2EE0 /* LaunchScreen.storyboard */,
			);
			path = "Supporting Files";
			sourceTree = "<group>";
		};
		F7AEDCE32911B217F2084454 /* Pods */ = {
			isa = PBXGroup;
			children = (
				A14D6CBE4541689CDC1F0120 /* Pods-CohesionTest.debug.xcconfig */,
				8A5694D6D975EE1EF237F4C8 /* Pods-CohesionTest.release.xcconfig */,
				DC2583DC00972F5439F08F9D /* Pods-CohesionTestTests.debug.xcconfig */,
				C607CF8C3049C865302EC33C /* Pods-CohesionTestTests.release.xcconfig */,
			);
			path = Pods;
			sourceTree = "<group>";
		};
/* End PBXGroup section */

/* Begin PBXNativeTarget section */
		99506CF4260DE8E400AA2EE0 /* CohesionTest */ = {
			isa = PBXNativeTarget;
			buildConfigurationList = 99506D17260DE8E600AA2EE0 /* Build configuration list for PBXNativeTarget "CohesionTest" */;
			buildPhases = (
				1CBE38D4A385C5EA10FCC064 /* [CP] Check Pods Manifest.lock */,
				99506CF1260DE8E400AA2EE0 /* Sources */,
				99506CF2260DE8E400AA2EE0 /* Frameworks */,
				99506CF3260DE8E400AA2EE0 /* Resources */,
			);
			buildRules = (
			);
			dependencies = (
			);
			name = CohesionTest;
			productName = CohesionTest;
			productReference = 99506CF5260DE8E400AA2EE0 /* CohesionTest.app */;
			productType = "com.apple.product-type.application";
		};
		99506D0D260DE8E600AA2EE0 /* CohesionTestTests */ = {
			isa = PBXNativeTarget;
			buildConfigurationList = 99506D1A260DE8E600AA2EE0 /* Build configuration list for PBXNativeTarget "CohesionTestTests" */;
			buildPhases = (
				E147F5D695615C67281C0D55 /* [CP] Check Pods Manifest.lock */,
				99506D0A260DE8E600AA2EE0 /* Sources */,
				99506D0B260DE8E600AA2EE0 /* Frameworks */,
				99506D0C260DE8E600AA2EE0 /* Resources */,
			);
			buildRules = (
			);
			dependencies = (
				99506D10260DE8E600AA2EE0 /* PBXTargetDependency */,
			);
			name = CohesionTestTests;
			productName = CohesionTestTests;
			productReference = 99506D0E260DE8E600AA2EE0 /* CohesionTestTests.xctest */;
			productType = "com.apple.product-type.bundle.unit-test";
		};
/* End PBXNativeTarget section */

/* Begin PBXProject section */
		99506CED260DE8E400AA2EE0 /* Project object */ = {
			isa = PBXProject;
			attributes = {
				LastSwiftUpdateCheck = 1170;
				LastUpgradeCheck = 1170;
				ORGANIZATIONNAME = "Madhan C";
				TargetAttributes = {
					99506CF4260DE8E400AA2EE0 = {
						CreatedOnToolsVersion = 11.7;
					};
					99506D0D260DE8E600AA2EE0 = {
						CreatedOnToolsVersion = 11.7;
						TestTargetID = 99506CF4260DE8E400AA2EE0;
					};
				};
			};
			buildConfigurationList = 99506CF0260DE8E400AA2EE0 /* Build configuration list for PBXProject "CohesionTest" */;
			compatibilityVersion = "Xcode 9.3";
			developmentRegion = en;
			hasScannedForEncodings = 0;
			knownRegions = (
				en,
				Base,
			);
			mainGroup = 99506CEC260DE8E400AA2EE0;
			productRefGroup = 99506CF6260DE8E400AA2EE0 /* Products */;
			projectDirPath = "";
			projectRoot = "";
			targets = (
				99506CF4260DE8E400AA2EE0 /* CohesionTest */,
				99506D0D260DE8E600AA2EE0 /* CohesionTestTests */,
			);
		};
/* End PBXProject section */

/* Begin PBXResourcesBuildPhase section */
		99506CF3260DE8E400AA2EE0 /* Resources */ = {
			isa = PBXResourcesBuildPhase;
			buildActionMask = 2147483647;
			files = (
				99506D08260DE8E600AA2EE0 /* LaunchScreen.storyboard in Resources */,
				99F0177A260F788C00E576E9 /* GoogleService-Info.plist in Resources */,
				99FBD3632612197C00F6AE9B /* Readme.md in Resources */,
				99506D05260DE8E600AA2EE0 /* Assets.xcassets in Resources */,
				9937C70B2611A86B001F9AC3 /* geofence.gpx in Resources */,
				99506D00260DE8E400AA2EE0 /* Main.storyboard in Resources */,
			);
			runOnlyForDeploymentPostprocessing = 0;
		};
		99506D0C260DE8E600AA2EE0 /* Resources */ = {
			isa = PBXResourcesBuildPhase;
			buildActionMask = 2147483647;
			files = (
			);
			runOnlyForDeploymentPostprocessing = 0;
		};
/* End PBXResourcesBuildPhase section */

/* Begin PBXShellScriptBuildPhase section */
		1CBE38D4A385C5EA10FCC064 /* [CP] Check Pods Manifest.lock */ = {
			isa = PBXShellScriptBuildPhase;
			buildActionMask = 2147483647;
			files = (
			);
			inputFileListPaths = (
			);
			inputPaths = (
				"${PODS_PODFILE_DIR_PATH}/Podfile.lock",
				"${PODS_ROOT}/Manifest.lock",
			);
			name = "[CP] Check Pods Manifest.lock";
			outputFileListPaths = (
			);
			outputPaths = (
				"$(DERIVED_FILE_DIR)/Pods-CohesionTest-checkManifestLockResult.txt",
			);
			runOnlyForDeploymentPostprocessing = 0;
			shellPath = /bin/sh;
			shellScript = "diff \"${PODS_PODFILE_DIR_PATH}/Podfile.lock\" \"${PODS_ROOT}/Manifest.lock\" > /dev/null\nif [ $? != 0 ] ; then\n    # print error to STDERR\n    echo \"error: The sandbox is not in sync with the Podfile.lock. Run 'pod install' or update your CocoaPods installation.\" >&2\n    exit 1\nfi\n# This output is used by Xcode 'outputs' to avoid re-running this script phase.\necho \"SUCCESS\" > \"${SCRIPT_OUTPUT_FILE_0}\"\n";
			showEnvVarsInLog = 0;
		};
		E147F5D695615C67281C0D55 /* [CP] Check Pods Manifest.lock */ = {
			isa = PBXShellScriptBuildPhase;
			buildActionMask = 2147483647;
			files = (
			);
			inputFileListPaths = (
			);
			inputPaths = (
				"${PODS_PODFILE_DIR_PATH}/Podfile.lock",
				"${PODS_ROOT}/Manifest.lock",
			);
			name = "[CP] Check Pods Manifest.lock";
			outputFileListPaths = (
			);
			outputPaths = (
				"$(DERIVED_FILE_DIR)/Pods-CohesionTestTests-checkManifestLockResult.txt",
			);
			runOnlyForDeploymentPostprocessing = 0;
			shellPath = /bin/sh;
			shellScript = "diff \"${PODS_PODFILE_DIR_PATH}/Podfile.lock\" \"${PODS_ROOT}/Manifest.lock\" > /dev/null\nif [ $? != 0 ] ; then\n    # print error to STDERR\n    echo \"error: The sandbox is not in sync with the Podfile.lock. Run 'pod install' or update your CocoaPods installation.\" >&2\n    exit 1\nfi\n# This output is used by Xcode 'outputs' to avoid re-running this script phase.\necho \"SUCCESS\" > \"${SCRIPT_OUTPUT_FILE_0}\"\n";
			showEnvVarsInLog = 0;
		};
/* End PBXShellScriptBuildPhase section */

/* Begin PBXSourcesBuildPhase section */
		99506CF1260DE8E400AA2EE0 /* Sources */ = {
			isa = PBXSourcesBuildPhase;
			buildActionMask = 2147483647;
			files = (
				99506D03260DE8E400AA2EE0 /* CohesionTest.xcdatamodeld in Sources */,
				99F01778260F4E4300E576E9 /* Geofence.swift in Sources */,
				99FBD3602611FAE100F6AE9B /* Utilities.swift in Sources */,
				99FBD36926121F8500F6AE9B /* LocationManager.swift in Sources */,
				99506CF9260DE8E400AA2EE0 /* AppDelegate.swift in Sources */,
				99506CFB260DE8E400AA2EE0 /* SceneDelegate.swift in Sources */,
				99506D1E260E0FB800AA2EE0 /* GeoFenceViewController.swift in Sources */,
			);
			runOnlyForDeploymentPostprocessing = 0;
		};
		99506D0A260DE8E600AA2EE0 /* Sources */ = {
			isa = PBXSourcesBuildPhase;
			buildActionMask = 2147483647;
			files = (
				99506D13260DE8E600AA2EE0 /* CohesionTestTests.swift in Sources */,
			);
			runOnlyForDeploymentPostprocessing = 0;
		};
/* End PBXSourcesBuildPhase section */

/* Begin PBXTargetDependency section */
		99506D10260DE8E600AA2EE0 /* PBXTargetDependency */ = {
			isa = PBXTargetDependency;
			target = 99506CF4260DE8E400AA2EE0 /* CohesionTest */;
			targetProxy = 99506D0F260DE8E600AA2EE0 /* PBXContainerItemProxy */;
		};
/* End PBXTargetDependency section */

/* Begin PBXVariantGroup section */
		99506CFE260DE8E400AA2EE0 /* Main.storyboard */ = {
			isa = PBXVariantGroup;
			children = (
				99506CFF260DE8E400AA2EE0 /* Base */,
			);
			name = Main.storyboard;
			sourceTree = "<group>";
		};
		99506D06260DE8E600AA2EE0 /* LaunchScreen.storyboard */ = {
			isa = PBXVariantGroup;
			children = (
				99506D07260DE8E600AA2EE0 /* Base */,
			);
			name = LaunchScreen.storyboard;
			sourceTree = "<group>";
		};
/* End PBXVariantGroup section */

/* Begin XCBuildConfiguration section */
		99506D15260DE8E600AA2EE0 /* Debug */ = {
			isa = XCBuildConfiguration;
			buildSettings = {
				ALWAYS_SEARCH_USER_PATHS = NO;
				CLANG_ANALYZER_NONNULL = YES;
				CLANG_ANALYZER_NUMBER_OBJECT_CONVERSION = YES_AGGRESSIVE;
				CLANG_CXX_LANGUAGE_STANDARD = "gnu++14";
				CLANG_CXX_LIBRARY = "libc++";
				CLANG_ENABLE_MODULES = YES;
				CLANG_ENABLE_OBJC_ARC = YES;
				CLANG_ENABLE_OBJC_WEAK = YES;
				CLANG_WARN_BLOCK_CAPTURE_AUTORELEASING = YES;
				CLANG_WARN_BOOL_CONVERSION = YES;
				CLANG_WARN_COMMA = YES;
				CLANG_WARN_CONSTANT_CONVERSION = YES;
				CLANG_WARN_DEPRECATED_OBJC_IMPLEMENTATIONS = YES;
				CLANG_WARN_DIRECT_OBJC_ISA_USAGE = YES_ERROR;
				CLANG_WARN_DOCUMENTATION_COMMENTS = YES;
				CLANG_WARN_EMPTY_BODY = YES;
				CLANG_WARN_ENUM_CONVERSION = YES;
				CLANG_WARN_INFINITE_RECURSION = YES;
				CLANG_WARN_INT_CONVERSION = YES;
				CLANG_WARN_NON_LITERAL_NULL_CONVERSION = YES;
				CLANG_WARN_OBJC_IMPLICIT_RETAIN_SELF = YES;
				CLANG_WARN_OBJC_LITERAL_CONVERSION = YES;
				CLANG_WARN_OBJC_ROOT_CLASS = YES_ERROR;
				CLANG_WARN_RANGE_LOOP_ANALYSIS = YES;
				CLANG_WARN_STRICT_PROTOTYPES = YES;
				CLANG_WARN_SUSPICIOUS_MOVE = YES;
				CLANG_WARN_UNGUARDED_AVAILABILITY = YES_AGGRESSIVE;
				CLANG_WARN_UNREACHABLE_CODE = YES;
				CLANG_WARN__DUPLICATE_METHOD_MATCH = YES;
				COPY_PHASE_STRIP = NO;
				DEBUG_INFORMATION_FORMAT = dwarf;
				ENABLE_STRICT_OBJC_MSGSEND = YES;
				ENABLE_TESTABILITY = YES;
				GCC_C_LANGUAGE_STANDARD = gnu11;
				GCC_DYNAMIC_NO_PIC = NO;
				GCC_NO_COMMON_BLOCKS = YES;
				GCC_OPTIMIZATION_LEVEL = 0;
				GCC_PREPROCESSOR_DEFINITIONS = (
					"DEBUG=1",
					"$(inherited)",
				);
				GCC_WARN_64_TO_32_BIT_CONVERSION = YES;
				GCC_WARN_ABOUT_RETURN_TYPE = YES_ERROR;
				GCC_WARN_UNDECLARED_SELECTOR = YES;
				GCC_WARN_UNINITIALIZED_AUTOS = YES_AGGRESSIVE;
				GCC_WARN_UNUSED_FUNCTION = YES;
				GCC_WARN_UNUSED_VARIABLE = YES;
				IPHONEOS_DEPLOYMENT_TARGET = 13.7;
				MTL_ENABLE_DEBUG_INFO = INCLUDE_SOURCE;
				MTL_FAST_MATH = YES;
				ONLY_ACTIVE_ARCH = YES;
				SDKROOT = iphoneos;
				SWIFT_ACTIVE_COMPILATION_CONDITIONS = DEBUG;
				SWIFT_OPTIMIZATION_LEVEL = "-Onone";
			};
			name = Debug;
		};
		99506D16260DE8E600AA2EE0 /* Release */ = {
			isa = XCBuildConfiguration;
			buildSettings = {
				ALWAYS_SEARCH_USER_PATHS = NO;
				CLANG_ANALYZER_NONNULL = YES;
				CLANG_ANALYZER_NUMBER_OBJECT_CONVERSION = YES_AGGRESSIVE;
				CLANG_CXX_LANGUAGE_STANDARD = "gnu++14";
				CLANG_CXX_LIBRARY = "libc++";
				CLANG_ENABLE_MODULES = YES;
				CLANG_ENABLE_OBJC_ARC = YES;
				CLANG_ENABLE_OBJC_WEAK = YES;
				CLANG_WARN_BLOCK_CAPTURE_AUTORELEASING = YES;
				CLANG_WARN_BOOL_CONVERSION = YES;
				CLANG_WARN_COMMA = YES;
				CLANG_WARN_CONSTANT_CONVERSION = YES;
				CLANG_WARN_DEPRECATED_OBJC_IMPLEMENTATIONS = YES;
				CLANG_WARN_DIRECT_OBJC_ISA_USAGE = YES_ERROR;
				CLANG_WARN_DOCUMENTATION_COMMENTS = YES;
				CLANG_WARN_EMPTY_BODY = YES;
				CLANG_WARN_ENUM_CONVERSION = YES;
				CLANG_WARN_INFINITE_RECURSION = YES;
				CLANG_WARN_INT_CONVERSION = YES;
				CLANG_WARN_NON_LITERAL_NULL_CONVERSION = YES;
				CLANG_WARN_OBJC_IMPLICIT_RETAIN_SELF = YES;
				CLANG_WARN_OBJC_LITERAL_CONVERSION = YES;
				CLANG_WARN_OBJC_ROOT_CLASS = YES_ERROR;
				CLANG_WARN_RANGE_LOOP_ANALYSIS = YES;
				CLANG_WARN_STRICT_PROTOTYPES = YES;
				CLANG_WARN_SUSPICIOUS_MOVE = YES;
				CLANG_WARN_UNGUARDED_AVAILABILITY = YES_AGGRESSIVE;
				CLANG_WARN_UNREACHABLE_CODE = YES;
				CLANG_WARN__DUPLICATE_METHOD_MATCH = YES;
				COPY_PHASE_STRIP = NO;
				DEBUG_INFORMATION_FORMAT = "dwarf-with-dsym";
				ENABLE_NS_ASSERTIONS = NO;
				ENABLE_STRICT_OBJC_MSGSEND = YES;
				GCC_C_LANGUAGE_STANDARD = gnu11;
				GCC_NO_COMMON_BLOCKS = YES;
				GCC_WARN_64_TO_32_BIT_CONVERSION = YES;
				GCC_WARN_ABOUT_RETURN_TYPE = YES_ERROR;
				GCC_WARN_UNDECLARED_SELECTOR = YES;
				GCC_WARN_UNINITIALIZED_AUTOS = YES_AGGRESSIVE;
				GCC_WARN_UNUSED_FUNCTION = YES;
				GCC_WARN_UNUSED_VARIABLE = YES;
				IPHONEOS_DEPLOYMENT_TARGET = 13.7;
				MTL_ENABLE_DEBUG_INFO = NO;
				MTL_FAST_MATH = YES;
				SDKROOT = iphoneos;
				SWIFT_COMPILATION_MODE = wholemodule;
				SWIFT_OPTIMIZATION_LEVEL = "-O";
				VALIDATE_PRODUCT = YES;
			};
			name = Release;
		};
		99506D18260DE8E600AA2EE0 /* Debug */ = {
			isa = XCBuildConfiguration;
			baseConfigurationReference = A14D6CBE4541689CDC1F0120 /* Pods-CohesionTest.debug.xcconfig */;
			buildSettings = {
				ASSETCATALOG_COMPILER_APPICON_NAME = AppIcon;
				CODE_SIGN_STYLE = Automatic;
				DEBUG_INFORMATION_FORMAT = "dwarf-with-dsym";
				DEVELOPMENT_TEAM = PL6837Z264;
				INFOPLIST_FILE = CohesionTest/Info.plist;
				IPHONEOS_DEPLOYMENT_TARGET = 12.0;
				LD_RUNPATH_SEARCH_PATHS = (
					"$(inherited)",
					"@executable_path/Frameworks",
				);
				PRODUCT_BUNDLE_IDENTIFIER = com.madhan85.CohesionTest;
				PRODUCT_NAME = "$(TARGET_NAME)";
				SWIFT_VERSION = 5.0;
				TARGETED_DEVICE_FAMILY = "1,2";
			};
			name = Debug;
		};
		99506D19260DE8E600AA2EE0 /* Release */ = {
			isa = XCBuildConfiguration;
			baseConfigurationReference = 8A5694D6D975EE1EF237F4C8 /* Pods-CohesionTest.release.xcconfig */;
			buildSettings = {
				ASSETCATALOG_COMPILER_APPICON_NAME = AppIcon;
				CODE_SIGN_STYLE = Automatic;
				DEBUG_INFORMATION_FORMAT = "dwarf-with-dsym";
				DEVELOPMENT_TEAM = PL6837Z264;
				INFOPLIST_FILE = CohesionTest/Info.plist;
				IPHONEOS_DEPLOYMENT_TARGET = 12.0;
				LD_RUNPATH_SEARCH_PATHS = (
					"$(inherited)",
					"@executable_path/Frameworks",
				);
				PRODUCT_BUNDLE_IDENTIFIER = com.madhan85.CohesionTest;
				PRODUCT_NAME = "$(TARGET_NAME)";
				SWIFT_VERSION = 5.0;
				TARGETED_DEVICE_FAMILY = "1,2";
			};
			name = Release;
		};
		99506D1B260DE8E600AA2EE0 /* Debug */ = {
			isa = XCBuildConfiguration;
			baseConfigurationReference = DC2583DC00972F5439F08F9D /* Pods-CohesionTestTests.debug.xcconfig */;
			buildSettings = {
				ALWAYS_EMBED_SWIFT_STANDARD_LIBRARIES = YES;
				BUNDLE_LOADER = "$(TEST_HOST)";
				CODE_SIGN_STYLE = Automatic;
				DEVELOPMENT_TEAM = PL6837Z264;
				INFOPLIST_FILE = CohesionTestTests/Info.plist;
				IPHONEOS_DEPLOYMENT_TARGET = 13.7;
				LD_RUNPATH_SEARCH_PATHS = (
					"$(inherited)",
					"@executable_path/Frameworks",
					"@loader_path/Frameworks",
				);
				PRODUCT_BUNDLE_IDENTIFIER = com.madhan85.CohesionTestTests;
				PRODUCT_NAME = "$(TARGET_NAME)";
				SWIFT_VERSION = 5.0;
				TARGETED_DEVICE_FAMILY = "1,2";
				TEST_HOST = "$(BUILT_PRODUCTS_DIR)/CohesionTest.app/CohesionTest";
			};
			name = Debug;
		};
		99506D1C260DE8E600AA2EE0 /* Release */ = {
			isa = XCBuildConfiguration;
			baseConfigurationReference = C607CF8C3049C865302EC33C /* Pods-CohesionTestTests.release.xcconfig */;
			buildSettings = {
				ALWAYS_EMBED_SWIFT_STANDARD_LIBRARIES = YES;
				BUNDLE_LOADER = "$(TEST_HOST)";
				CODE_SIGN_STYLE = Automatic;
				DEVELOPMENT_TEAM = PL6837Z264;
				INFOPLIST_FILE = CohesionTestTests/Info.plist;
				IPHONEOS_DEPLOYMENT_TARGET = 13.7;
				LD_RUNPATH_SEARCH_PATHS = (
					"$(inherited)",
					"@executable_path/Frameworks",
					"@loader_path/Frameworks",
				);
				PRODUCT_BUNDLE_IDENTIFIER = com.madhan85.CohesionTestTests;
				PRODUCT_NAME = "$(TARGET_NAME)";
				SWIFT_VERSION = 5.0;
				TARGETED_DEVICE_FAMILY = "1,2";
				TEST_HOST = "$(BUILT_PRODUCTS_DIR)/CohesionTest.app/CohesionTest";
			};
			name = Release;
		};
/* End XCBuildConfiguration section */

/* Begin XCConfigurationList section */
		99506CF0260DE8E400AA2EE0 /* Build configuration list for PBXProject "CohesionTest" */ = {
			isa = XCConfigurationList;
			buildConfigurations = (
				99506D15260DE8E600AA2EE0 /* Debug */,
				99506D16260DE8E600AA2EE0 /* Release */,
			);
			defaultConfigurationIsVisible = 0;
			defaultConfigurationName = Release;
		};
		99506D17260DE8E600AA2EE0 /* Build configuration list for PBXNativeTarget "CohesionTest" */ = {
			isa = XCConfigurationList;
			buildConfigurations = (
				99506D18260DE8E600AA2EE0 /* Debug */,
				99506D19260DE8E600AA2EE0 /* Release */,
			);
			defaultConfigurationIsVisible = 0;
			defaultConfigurationName = Release;
		};
		99506D1A260DE8E600AA2EE0 /* Build configuration list for PBXNativeTarget "CohesionTestTests" */ = {
			isa = XCConfigurationList;
			buildConfigurations = (
				99506D1B260DE8E600AA2EE0 /* Debug */,
				99506D1C260DE8E600AA2EE0 /* Release */,
			);
			defaultConfigurationIsVisible = 0;
			defaultConfigurationName = Release;
		};
/* End XCConfigurationList section */

/* Begin XCVersionGroup section */
		99506D01260DE8E400AA2EE0 /* CohesionTest.xcdatamodeld */ = {
			isa = XCVersionGroup;
			children = (
				99506D02260DE8E400AA2EE0 /* CohesionTest.xcdatamodel */,
			);
			currentVersion = 99506D02260DE8E400AA2EE0 /* CohesionTest.xcdatamodel */;
			path = CohesionTest.xcdatamodeld;
			sourceTree = "<group>";
			versionGroupType = wrapper.xcdatamodel;
		};
/* End XCVersionGroup section */
	};
	rootObject = 99506CED260DE8E400AA2EE0 /* Project object */;
}
